// !$*UTF8*$!
{
	archiveVersion = 1;
	classes = {
	};
	objectVersion = 46;
	objects = {

/* Begin PBXBuildFile section */
		0255732D1D13AF4400E5DE16 /* main.m in Sources */ = {isa = PBXBuildFile; fileRef = 0255732C1D13AF4400E5DE16 /* main.m */; };
		025573301D13AF4400E5DE16 /* AppDelegate.m in Sources */ = {isa = PBXBuildFile; fileRef = 0255732F1D13AF4400E5DE16 /* AppDelegate.m */; };
		025573331D13AF4400E5DE16 /* ViewController.m in Sources */ = {isa = PBXBuildFile; fileRef = 025573321D13AF4400E5DE16 /* ViewController.m */; };
		025573361D13AF4400E5DE16 /* Main.storyboard in Resources */ = {isa = PBXBuildFile; fileRef = 025573341D13AF4400E5DE16 /* Main.storyboard */; };
		025573381D13AF4400E5DE16 /* Assets.xcassets in Resources */ = {isa = PBXBuildFile; fileRef = 025573371D13AF4400E5DE16 /* Assets.xcassets */; };
		0255733B1D13AF4400E5DE16 /* LaunchScreen.storyboard in Resources */ = {isa = PBXBuildFile; fileRef = 025573391D13AF4400E5DE16 /* LaunchScreen.storyboard */; };
/* End PBXBuildFile section */

/* Begin PBXFileReference section */
		025573281D13AF4300E5DE16 /* ScrollableSegmentedControl.app */ = {isa = PBXFileReference; explicitFileType = wrapper.application; includeInIndex = 0; path = ScrollableSegmentedControl.app; sourceTree = BUILT_PRODUCTS_DIR; };
		0255732C1D13AF4400E5DE16 /* main.m */ = {isa = PBXFileReference; lastKnownFileType = sourcecode.c.objc; path = main.m; sourceTree = "<group>"; };
		0255732E1D13AF4400E5DE16 /* AppDelegate.h */ = {isa = PBXFileReference; lastKnownFileType = sourcecode.c.h; path = AppDelegate.h; sourceTree = "<group>"; };
		0255732F1D13AF4400E5DE16 /* AppDelegate.m */ = {isa = PBXFileReference; lastKnownFileType = sourcecode.c.objc; path = AppDelegate.m; sourceTree = "<group>"; };
		025573311D13AF4400E5DE16 /* ViewController.h */ = {isa = PBXFileReference; lastKnownFileType = sourcecode.c.h; path = ViewController.h; sourceTree = "<group>"; };
		025573321D13AF4400E5DE16 /* ViewController.m */ = {isa = PBXFileReference; lastKnownFileType = sourcecode.c.objc; path = ViewController.m; sourceTree = "<group>"; };
		025573351D13AF4400E5DE16 /* Base */ = {isa = PBXFileReference; lastKnownFileType = file.storyboard; name = Base; path = Base.lproj/Main.storyboard; sourceTree = "<group>"; };
		025573371D13AF4400E5DE16 /* Assets.xcassets */ = {isa = PBXFileReference; lastKnownFileType = folder.assetcatalog; path = Assets.xcassets; sourceTree = "<group>"; };
		0255733A1D13AF4400E5DE16 /* Base */ = {isa = PBXFileReference; lastKnownFileType = file.storyboard; name = Base; path = Base.lproj/LaunchScreen.storyboard; sourceTree = "<group>"; };
		0255733C1D13AF4400E5DE16 /* Info.plist */ = {isa = PBXFileReference; lastKnownFileType = text.plist.xml; path = Info.plist; sourceTree = "<group>"; };
/* End PBXFileReference section */

/* Begin PBXFrameworksBuildPhase section */
		025573251D13AF4300E5DE16 /* Frameworks */ = {
			isa = PBXFrameworksBuildPhase;
			buildActionMask = 2147483647;
			files = (
			);
			runOnlyForDeploymentPostprocessing = 0;
		};
/* End PBXFrameworksBuildPhase section */

/* Begin PBXGroup section */
		0255731F1D13AF4300E5DE16 = {
			isa = PBXGroup;
			children = (
				0255732A1D13AF4300E5DE16 /* ScrollableSegmentedControl */,
				025573291D13AF4300E5DE16 /* Products */,
			);
			sourceTree = "<group>";
		};
		025573291D13AF4300E5DE16 /* Products */ = {
			isa = PBXGroup;
			children = (
				025573281D13AF4300E5DE16 /* ScrollableSegmentedControl.app */,
			);
			name = Products;
			sourceTree = "<group>";
		};
		0255732A1D13AF4300E5DE16 /* ScrollableSegmentedControl */ = {
			isa = PBXGroup;
			children = (
				0255732E1D13AF4400E5DE16 /* AppDelegate.h */,
				0255732F1D13AF4400E5DE16 /* AppDelegate.m */,
				025573311D13AF4400E5DE16 /* ViewController.h */,
				025573321D13AF4400E5DE16 /* ViewController.m */,
				025573341D13AF4400E5DE16 /* Main.storyboard */,
				025573371D13AF4400E5DE16 /* Assets.xcassets */,
				025573391D13AF4400E5DE16 /* LaunchScreen.storyboard */,
				0255733C1D13AF4400E5DE16 /* Info.plist */,
				0255732B1D13AF4400E5DE16 /* Supporting Files */,
			);
			path = ScrollableSegmentedControl;
			sourceTree = "<group>";
		};
		0255732B1D13AF4400E5DE16 /* Supporting Files */ = {
			isa = PBXGroup;
			children = (
				0255732C1D13AF4400E5DE16 /* main.m */,
			);
			name = "Supporting Files";
			sourceTree = "<group>";
		};
/* End PBXGroup section */

/* Begin PBXNativeTarget section */
		025573271D13AF4300E5DE16 /* ScrollableSegmentedControl */ = {
			isa = PBXNativeTarget;
			buildConfigurationList = 0255733F1D13AF4400E5DE16 /* Build configuration list for PBXNativeTarget "ScrollableSegmentedControl" */;
			buildPhases = (
				025573241D13AF4300E5DE16 /* Sources */,
				025573251D13AF4300E5DE16 /* Frameworks */,
				025573261D13AF4300E5DE16 /* Resources */,
			);
			buildRules = (
			);
			dependencies = (
			);
			name = ScrollableSegmentedControl;
			productName = ScrollableSegmentedControl;
			productReference = 025573281D13AF4300E5DE16 /* ScrollableSegmentedControl.app */;
			productType = "com.apple.product-type.application";
		};
/* End PBXNativeTarget section */

/* Begin PBXProject section */
		025573201D13AF4300E5DE16 /* Project object */ = {
			isa = PBXProject;
			attributes = {
				LastUpgradeCheck = 0730;
				ORGANIZATIONNAME = PulkitRohilla;
				TargetAttributes = {
					025573271D13AF4300E5DE16 = {
						CreatedOnToolsVersion = 7.3.1;
					};
				};
			};
			buildConfigurationList = 025573231D13AF4300E5DE16 /* Build configuration list for PBXProject "ScrollableSegmentedControl" */;
			compatibilityVersion = "Xcode 3.2";
			developmentRegion = English;
			hasScannedForEncodings = 0;
			knownRegions = (
				en,
				Base,
			);
			mainGroup = 0255731F1D13AF4300E5DE16;
			productRefGroup = 025573291D13AF4300E5DE16 /* Products */;
			projectDirPath = "";
			projectRoot = "";
			targets = (
				025573271D13AF4300E5DE16 /* ScrollableSegmentedControl */,
			);
		};
/* End PBXProject section */

/* Begin PBXResourcesBuildPhase section */
		025573261D13AF4300E5DE16 /* Resources */ = {
			isa = PBXResourcesBuildPhase;
			buildActionMask = 2147483647;
			files = (
				0255733B1D13AF4400E5DE16 /* LaunchScreen.storyboard in Resources */,
				025573381D13AF4400E5DE16 /* Assets.xcassets in Resources */,
				025573361D13AF4400E5DE16 /* Main.storyboard in Resources */,
			);
			runOnlyForDeploymentPostprocessing = 0;
		};
/* End PBXResourcesBuildPhase section */

/* Begin PBXSourcesBuildPhase section */
		025573241D13AF4300E5DE16 /* Sources */ = {
			isa = PBXSourcesBuildPhase;
			buildActionMask = 2147483647;
			files = (
				025573331D13AF4400E5DE16 /* ViewController.m in Sources */,
				025573301D13AF4400E5DE16 /* AppDelegate.m in Sources */,
				0255732D1D13AF4400E5DE16 /* main.m in Sources */,
			);
			runOnlyForDeploymentPostprocessing = 0;
		};
/* End PBXSourcesBuildPhase section */

/* Begin PBXVariantGroup section */
		025573341D13AF4400E5DE16 /* Main.storyboard */ = {
			isa = PBXVariantGroup;
			children = (
				025573351D13AF4400E5DE16 /* Base */,
			);
			name = Main.storyboard;
			sourceTree = "<group>";
		};
		025573391D13AF4400E5DE16 /* LaunchScreen.storyboard */ = {
			isa = PBXVariantGroup;
			children = (
				0255733A1D13AF4400E5DE16 /* Base */,
			);
			name = LaunchScreen.storyboard;
			sourceTree = "<group>";
		};
/* End PBXVariantGroup section */

/* Begin XCBuildConfiguration section */
		0255733D1D13AF4400E5DE16 /* Debug */ = {
			isa = XCBuildConfiguration;
			buildSettings = {
				ALWAYS_SEARCH_USER_PATHS = NO;
				CLANG_ANALYZER_NONNULL = YES;
				CLANG_CXX_LANGUAGE_STANDARD = "gnu++0x";
				CLANG_CXX_LIBRARY = "libc++";
				CLANG_ENABLE_MODULES = YES;
				CLANG_ENABLE_OBJC_ARC = YES;
				CLANG_WARN_BOOL_CONVERSION = YES;
				CLANG_WARN_CONSTANT_CONVERSION = YES;
				CLANG_WARN_DIRECT_OBJC_ISA_USAGE = YES_ERROR;
				CLANG_WARN_EMPTY_BODY = YES;
				CLANG_WARN_ENUM_CONVERSION = YES;
				CLANG_WARN_INT_CONVERSION = YES;
				CLANG_WARN_OBJC_ROOT_CLASS = YES_ERROR;
				CLANG_WARN_UNREACHABLE_CODE = YES;
				CLANG_WARN__DUPLICATE_METHOD_MATCH = YES;
				"CODE_SIGN_IDENTITY[sdk=iphoneos*]" = "iPhone Developer";
				COPY_PHASE_STRIP = NO;
				DEBUG_INFORMATION_FORMAT = dwarf;
				ENABLE_STRICT_OBJC_MSGSEND = YES;
				ENABLE_TESTABILITY = YES;
				GCC_C_LANGUAGE_STANDARD = gnu99;
				GCC_DYNAMIC_NO_PIC = NO;
				GCC_NO_COMMON_BLOCKS = YES;
				GCC_OPTIMIZATION_LEVEL = 0;
				GCC_PREPROCESSOR_DEFINITIONS = (
					"DEBUG=1",
					"$(inherited)",
				);
				GCC_WARN_64_TO_32_BIT_CONVERSION = YES;
				GCC_WARN_ABOUT_RETURN_TYPE = YES_ERROR;
				GCC_WARN_UNDECLARED_SELECTOR = YES;
				GCC_WARN_UNINITIALIZED_AUTOS = YES_AGGRESSIVE;
				GCC_WARN_UNUSED_FUNCTION = YES;
				GCC_WARN_UNUSED_VARIABLE = YES;
				IPHONEOS_DEPLOYMENT_TARGET = 9.3;
				MTL_ENABLE_DEBUG_INFO = YES;
				ONLY_ACTIVE_ARCH = YES;
				SDKROOT = iphoneos;
			};
			name = Debug;
		};
		0255733E1D13AF4400E5DE16 /* Release */ = {
			isa = XCBuildConfiguration;
			buildSettings = {
				ALWAYS_SEARCH_USER_PATHS = NO;
				CLANG_ANALYZER_NONNULL = YES;
				CLANG_CXX_LANGUAGE_STANDARD = "gnu++0x";
				CLANG_CXX_LIBRARY = "libc++";
				CLANG_ENABLE_MODULES = YES;
				CLANG_ENABLE_OBJC_ARC = YES;
				CLANG_WARN_BOOL_CONVERSION = YES;
				CLANG_WARN_CONSTANT_CONVERSION = YES;
				CLANG_WARN_DIRECT_OBJC_ISA_USAGE = YES_ERROR;
				CLANG_WARN_EMPTY_BODY = YES;
				CLANG_WARN_ENUM_CONVERSION = YES;
				CLANG_WARN_INT_CONVERSION = YES;
				CLANG_WARN_OBJC_ROOT_CLASS = YES_ERROR;
				CLANG_WARN_UNREACHABLE_CODE = YES;
				CLANG_WARN__DUPLICATE_METHOD_MATCH = YES;
				"CODE_SIGN_IDENTITY[sdk=iphoneos*]" = "iPhone Developer";
				COPY_PHASE_STRIP = NO;
				DEBUG_INFORMATION_FORMAT = "dwarf-with-dsym";
				ENABLE_NS_ASSERTIONS = NO;
				ENABLE_STRICT_OBJC_MSGSEND = YES;
				GCC_C_LANGUAGE_STANDARD = gnu99;
				GCC_NO_COMMON_BLOCKS = YES;
				GCC_WARN_64_TO_32_BIT_CONVERSION = YES;
				GCC_WARN_ABOUT_RETURN_TYPE = YES_ERROR;
				GCC_WARN_UNDECLARED_SELECTOR = YES;
				GCC_WARN_UNINITIALIZED_AUTOS = YES_AGGRESSIVE;
				GCC_WARN_UNUSED_FUNCTION = YES;
				GCC_WARN_UNUSED_VARIABLE = YES;
				IPHONEOS_DEPLOYMENT_TARGET = 9.3;
				MTL_ENABLE_DEBUG_INFO = NO;
				SDKROOT = iphoneos;
				VALIDATE_PRODUCT = YES;
			};
			name = Release;
		};
		025573401D13AF4400E5DE16 /* Debug */ = {
			isa = XCBuildConfiguration;
			buildSettings = {
				ASSETCATALOG_COMPILER_APPICON_NAME = AppIcon;
				INFOPLIST_FILE = ScrollableSegmentedControl/Info.plist;
				LD_RUNPATH_SEARCH_PATHS = "$(inherited) @executable_path/Frameworks";
				PRODUCT_BUNDLE_IDENTIFIER = com.PR.ScrollableSegmentedControl;
				PRODUCT_NAME = "$(TARGET_NAME)";
			};
			name = Debug;
		};
		025573411D13AF4400E5DE16 /* Release */ = {
			isa = XCBuildConfiguration;
			buildSettings = {
				ASSETCATALOG_COMPILER_APPICON_NAME = AppIcon;
				INFOPLIST_FILE = ScrollableSegmentedControl/Info.plist;
				LD_RUNPATH_SEARCH_PATHS = "$(inherited) @executable_path/Frameworks";
				PRODUCT_BUNDLE_IDENTIFIER = com.PR.ScrollableSegmentedControl;
				PRODUCT_NAME = "$(TARGET_NAME)";
			};
			name = Release;
		};
/* End XCBuildConfiguration section */

/* Begin XCConfigurationList section */
		025573231D13AF4300E5DE16 /* Build configuration list for PBXProject "ScrollableSegmentedControl" */ = {
			isa = XCConfigurationList;
			buildConfigurations = (
				0255733D1D13AF4400E5DE16 /* Debug */,
				0255733E1D13AF4400E5DE16 /* Release */,
			);
			defaultConfigurationIsVisible = 0;
			defaultConfigurationName = Release;
		};
		0255733F1D13AF4400E5DE16 /* Build configuration list for PBXNativeTarget "ScrollableSegmentedControl" */ = {
			isa = XCConfigurationList;
			buildConfigurations = (
				025573401D13AF4400E5DE16 /* Debug */,
				025573411D13AF4400E5DE16 /* Release */,
			);
			defaultConfigurationIsVisible = 0;
			defaultConfigurationName = Release;
		};
/* End XCConfigurationList section */
	};
	rootObject = 025573201D13AF4300E5DE16 /* Project object */;
}
